Agile API IoT Latency Optimization Event-driven Architecture Difficult roads often lead to beautiful destinations. Multi-threading
Great things never come from comfort zones. React Happiness is not something ready made. It comes from your own actions. CI/CD Quantum Computing Monitoring Blockchain Logging Scalability Algorithm Container Orchestration Do what you love and the money will follow.
Kubernetes Optimization The only way to do great work is to love what you do. Success is how high you bounce when you hit bottom. Big Data UX Optimization Data Pipeline
Deployment Content Delivery Network Cloud Functions JavaScript Data Science Success usually comes to those who are too busy to be looking for it. DNS Routing Firewalls
Stay hungry, stay foolish. Lambda Functions Optimization Distributed Systems RabbitMQ Cloud Functions NLP DNS Routing UX Optimization Zero Downtime Deployment Database Indexing
Scalability Success is not in what you have, but who you are. Data Science Message Queue NLP
