Agile API IoT Latency Optimization Event-driven Architecture Difficult roads often lead to beautiful destinations. Multi-threading
Great things never come from comfort zones. React Happiness is not something ready made. It comes from your own actions. CI/CD Quantum Computing Monitoring Blockchain Logging Scalability Algorithm Container Orchestration Do what you love and the money will follow.
